// !$*UTF8*$!
{
	archiveVersion = 1;
	classes = {
	};
	objectVersion = 63;
	objects = {

/* Begin PBXBuildFile section */
		99AD3AC0CF75AD9C69DC7219 /* Pods_DosirakTests.framework in Frameworks */ = {isa = PBXBuildFile; fileRef = 459C536E6F5AC5CB6E141C11 /* Pods_DosirakTests.framework */; };
		E5FD899BEA313A4CED86F18B /* Pods_Dosirak_DosirakUITests.framework in Frameworks */ = {isa = PBXBuildFile; fileRef = FEF768F5EC7B8AB8B08AD8D0 /* Pods_Dosirak_DosirakUITests.framework */; };
		F67E9B497E73CB27782F7610 /* Pods_Dosirak.framework in Frameworks */ = {isa = PBXBuildFile; fileRef = 849494AAA7E332C5E265483B /* Pods_Dosirak.framework */; };
/* End PBXBuildFile section */

/* Begin PBXContainerItemProxy section */
		B50446162CB95C2100AF5D2C /* PBXContainerItemProxy */ = {
			isa = PBXContainerItemProxy;
			containerPortal = B50445F42CB95C2000AF5D2C /* Project object */;
			proxyType = 1;
			remoteGlobalIDString = B50445FB2CB95C2000AF5D2C;
			remoteInfo = Dosirak;
		};
		B50446202CB95C2100AF5D2C /* PBXContainerItemProxy */ = {
			isa = PBXContainerItemProxy;
			containerPortal = B50445F42CB95C2000AF5D2C /* Project object */;
			proxyType = 1;
			remoteGlobalIDString = B50445FB2CB95C2000AF5D2C;
			remoteInfo = Dosirak;
		};
/* End PBXContainerItemProxy section */

/* Begin PBXFileReference section */
		459C536E6F5AC5CB6E141C11 /* Pods_DosirakTests.framework */ = {isa = PBXFileReference; explicitFileType = wrapper.framework; includeInIndex = 0; path = Pods_DosirakTests.framework; sourceTree = BUILT_PRODUCTS_DIR; };
		516A31F4C44BE67DEA56377F /* Pods-DosirakTests.release.xcconfig */ = {isa = PBXFileReference; includeInIndex = 1; lastKnownFileType = text.xcconfig; name = "Pods-DosirakTests.release.xcconfig"; path = "Target Support Files/Pods-DosirakTests/Pods-DosirakTests.release.xcconfig"; sourceTree = "<group>"; };
		520DAE2B5803A9B01EF9DA43 /* Pods-Dosirak.debug.xcconfig */ = {isa = PBXFileReference; includeInIndex = 1; lastKnownFileType = text.xcconfig; name = "Pods-Dosirak.debug.xcconfig"; path = "Target Support Files/Pods-Dosirak/Pods-Dosirak.debug.xcconfig"; sourceTree = "<group>"; };
		5F853EDA0C7C5E7F015C2704 /* Pods-Dosirak-DosirakUITests.release.xcconfig */ = {isa = PBXFileReference; includeInIndex = 1; lastKnownFileType = text.xcconfig; name = "Pods-Dosirak-DosirakUITests.release.xcconfig"; path = "Target Support Files/Pods-Dosirak-DosirakUITests/Pods-Dosirak-DosirakUITests.release.xcconfig"; sourceTree = "<group>"; };
		849494AAA7E332C5E265483B /* Pods_Dosirak.framework */ = {isa = PBXFileReference; explicitFileType = wrapper.framework; includeInIndex = 0; path = Pods_Dosirak.framework; sourceTree = BUILT_PRODUCTS_DIR; };
		A9219F1313E3EA901AD42144 /* Pods-DosirakTests.debug.xcconfig */ = {isa = PBXFileReference; includeInIndex = 1; lastKnownFileType = text.xcconfig; name = "Pods-DosirakTests.debug.xcconfig"; path = "Target Support Files/Pods-DosirakTests/Pods-DosirakTests.debug.xcconfig"; sourceTree = "<group>"; };
		B0F40886EB7F52A061C5A9B4 /* Pods-Dosirak.release.xcconfig */ = {isa = PBXFileReference; includeInIndex = 1; lastKnownFileType = text.xcconfig; name = "Pods-Dosirak.release.xcconfig"; path = "Target Support Files/Pods-Dosirak/Pods-Dosirak.release.xcconfig"; sourceTree = "<group>"; };
		B50445FC2CB95C2000AF5D2C /* Dosirak.app */ = {isa = PBXFileReference; explicitFileType = wrapper.application; includeInIndex = 0; path = Dosirak.app; sourceTree = BUILT_PRODUCTS_DIR; };
		B50446152CB95C2100AF5D2C /* DosirakTests.xctest */ = {isa = PBXFileReference; explicitFileType = wrapper.cfbundle; includeInIndex = 0; path = DosirakTests.xctest; sourceTree = BUILT_PRODUCTS_DIR; };
		B504461F2CB95C2100AF5D2C /* DosirakUITests.xctest */ = {isa = PBXFileReference; explicitFileType = wrapper.cfbundle; includeInIndex = 0; path = DosirakUITests.xctest; sourceTree = BUILT_PRODUCTS_DIR; };
		BF8D8EEE824616EE7F7F19AB /* Pods-Dosirak-DosirakUITests.debug.xcconfig */ = {isa = PBXFileReference; includeInIndex = 1; lastKnownFileType = text.xcconfig; name = "Pods-Dosirak-DosirakUITests.debug.xcconfig"; path = "Target Support Files/Pods-Dosirak-DosirakUITests/Pods-Dosirak-DosirakUITests.debug.xcconfig"; sourceTree = "<group>"; };
		FEF768F5EC7B8AB8B08AD8D0 /* Pods_Dosirak_DosirakUITests.framework */ = {isa = PBXFileReference; explicitFileType = wrapper.framework; includeInIndex = 0; path = Pods_Dosirak_DosirakUITests.framework; sourceTree = BUILT_PRODUCTS_DIR; };
/* End PBXFileReference section */

/* Begin PBXFrameworksBuildPhase section */
		B50445F92CB95C2000AF5D2C /* Frameworks */ = {
			isa = PBXFrameworksBuildPhase;
			buildActionMask = 2147483647;
			files = (
				F67E9B497E73CB27782F7610 /* Pods_Dosirak.framework in Frameworks */,
			);
			runOnlyForDeploymentPostprocessing = 0;
		};
		B50446122CB95C2100AF5D2C /* Frameworks */ = {
			isa = PBXFrameworksBuildPhase;
			buildActionMask = 2147483647;
			files = (
				99AD3AC0CF75AD9C69DC7219 /* Pods_DosirakTests.framework in Frameworks */,
			);
			runOnlyForDeploymentPostprocessing = 0;
		};
		B504461C2CB95C2100AF5D2C /* Frameworks */ = {
			isa = PBXFrameworksBuildPhase;
			buildActionMask = 2147483647;
			files = (
				E5FD899BEA313A4CED86F18B /* Pods_Dosirak_DosirakUITests.framework in Frameworks */,
			);
			runOnlyForDeploymentPostprocessing = 0;
		};
/* End PBXFrameworksBuildPhase section */

/* Begin PBXGroup section */
		31556D1F50892DC88D5C868C /* Pods */ = {
			isa = PBXGroup;
			children = (
				520DAE2B5803A9B01EF9DA43 /* Pods-Dosirak.debug.xcconfig */,
				B0F40886EB7F52A061C5A9B4 /* Pods-Dosirak.release.xcconfig */,
				BF8D8EEE824616EE7F7F19AB /* Pods-Dosirak-DosirakUITests.debug.xcconfig */,
				5F853EDA0C7C5E7F015C2704 /* Pods-Dosirak-DosirakUITests.release.xcconfig */,
				A9219F1313E3EA901AD42144 /* Pods-DosirakTests.debug.xcconfig */,
				516A31F4C44BE67DEA56377F /* Pods-DosirakTests.release.xcconfig */,
			);
			path = Pods;
			sourceTree = "<group>";
		};
		3C37071CCEA1064808AF25C5 /* Frameworks */ = {
			isa = PBXGroup;
			children = (
				849494AAA7E332C5E265483B /* Pods_Dosirak.framework */,
				FEF768F5EC7B8AB8B08AD8D0 /* Pods_Dosirak_DosirakUITests.framework */,
				459C536E6F5AC5CB6E141C11 /* Pods_DosirakTests.framework */,
			);
			name = Frameworks;
			sourceTree = "<group>";
		};
		B50445F32CB95C2000AF5D2C = {
			isa = PBXGroup;
			children = (
				B50445FE2CB95C2000AF5D2C /* Dosirak */,
				B50446182CB95C2100AF5D2C /* DosirakTests */,
				B50446222CB95C2100AF5D2C /* DosirakUITests */,
				B50445FD2CB95C2000AF5D2C /* Products */,
				31556D1F50892DC88D5C868C /* Pods */,
				3C37071CCEA1064808AF25C5 /* Frameworks */,
			);
			sourceTree = "<group>";
			usesTabs = 0;
		};
		B50445FD2CB95C2000AF5D2C /* Products */ = {
			isa = PBXGroup;
			children = (
				B50445FC2CB95C2000AF5D2C /* Dosirak.app */,
				B50446152CB95C2100AF5D2C /* DosirakTests.xctest */,
				B504461F2CB95C2100AF5D2C /* DosirakUITests.xctest */,
			);
			name = Products;
			sourceTree = "<group>";
		};
		B50445FE2CB95C2000AF5D2C /* Dosirak */ = {
			isa = PBXGroup;
			children = (
			);
			path = Dosirak;
			sourceTree = "<group>";
		};
		B50446182CB95C2100AF5D2C /* DosirakTests */ = {
			isa = PBXGroup;
			children = (
			);
			path = DosirakTests;
			sourceTree = "<group>";
		};
		B50446222CB95C2100AF5D2C /* DosirakUITests */ = {
			isa = PBXGroup;
			children = (
			);
			path = DosirakUITests;
			sourceTree = "<group>";
		};
/* End PBXGroup section */

/* Begin PBXNativeTarget section */
		B50445FB2CB95C2000AF5D2C /* Dosirak */ = {
			isa = PBXNativeTarget;
			buildConfigurationList = B50446282CB95C2100AF5D2C /* Build configuration list for PBXNativeTarget "Dosirak" */;
			buildPhases = (
				E2A222F6D1B82A51107A4D89 /* [CP] Check Pods Manifest.lock */,
				B50445F82CB95C2000AF5D2C /* Sources */,
				B50445F92CB95C2000AF5D2C /* Frameworks */,
				B50445FA2CB95C2000AF5D2C /* Resources */,
			);
			buildRules = (
			);
			dependencies = (
			);
			name = Dosirak;
			productName = Dosirak;
			productReference = B50445FC2CB95C2000AF5D2C /* Dosirak.app */;
			productType = "com.apple.product-type.application";
		};
		B50446142CB95C2100AF5D2C /* DosirakTests */ = {
			isa = PBXNativeTarget;
			buildConfigurationList = B504462D2CB95C2100AF5D2C /* Build configuration list for PBXNativeTarget "DosirakTests" */;
			buildPhases = (
				F97ABEF93010572E8ADAF100 /* [CP] Check Pods Manifest.lock */,
				B50446112CB95C2100AF5D2C /* Sources */,
				B50446122CB95C2100AF5D2C /* Frameworks */,
				B50446132CB95C2100AF5D2C /* Resources */,
				1E18D76B3F766B6130769616 /* [CP] Embed Pods Frameworks */,
			);
			buildRules = (
			);
			dependencies = (
				B50446172CB95C2100AF5D2C /* PBXTargetDependency */,
			);
			name = DosirakTests;
			productName = DosirakTests;
			productReference = B50446152CB95C2100AF5D2C /* DosirakTests.xctest */;
			productType = "com.apple.product-type.bundle.unit-test";
		};
		B504461E2CB95C2100AF5D2C /* DosirakUITests */ = {
			isa = PBXNativeTarget;
			buildConfigurationList = B50446302CB95C2100AF5D2C /* Build configuration list for PBXNativeTarget "DosirakUITests" */;
			buildPhases = (
				A6AF3D1CD15CDBACF6ED8AAF /* [CP] Check Pods Manifest.lock */,
				B504461B2CB95C2100AF5D2C /* Sources */,
				B504461C2CB95C2100AF5D2C /* Frameworks */,
				B504461D2CB95C2100AF5D2C /* Resources */,
			);
			buildRules = (
			);
			dependencies = (
				B50446212CB95C2100AF5D2C /* PBXTargetDependency */,
			);
			name = DosirakUITests;
			productName = DosirakUITests;
			productReference = B504461F2CB95C2100AF5D2C /* DosirakUITests.xctest */;
			productType = "com.apple.product-type.bundle.ui-testing";
		};
/* End PBXNativeTarget section */

/* Begin PBXProject section */
		B50445F42CB95C2000AF5D2C /* Project object */ = {
			isa = PBXProject;
			attributes = {
				BuildIndependentTargetsInParallel = 1;
				LastSwiftUpdateCheck = 1600;
				LastUpgradeCheck = 1600;
				TargetAttributes = {
					B50445FB2CB95C2000AF5D2C = {
						CreatedOnToolsVersion = 16.0;
					};
					B50446142CB95C2100AF5D2C = {
						CreatedOnToolsVersion = 16.0;
						TestTargetID = B50445FB2CB95C2000AF5D2C;
					};
					B504461E2CB95C2100AF5D2C = {
						CreatedOnToolsVersion = 16.0;
						TestTargetID = B50445FB2CB95C2000AF5D2C;
					};
				};
			};
			buildConfigurationList = B50445F72CB95C2000AF5D2C /* Build configuration list for PBXProject "Dosirak" */;
			compatibilityVersion = "Xcode 14.0";
			developmentRegion = en;
			hasScannedForEncodings = 0;
			knownRegions = (
				en,
				Base,
			);
			mainGroup = B50445F32CB95C2000AF5D2C;
			minimizedProjectReferenceProxies = 1;
			productRefGroup = B50445FD2CB95C2000AF5D2C /* Products */;
			projectDirPath = "";
			projectRoot = "";
			targets = (
				B50445FB2CB95C2000AF5D2C /* Dosirak */,
				B50446142CB95C2100AF5D2C /* DosirakTests */,
				B504461E2CB95C2100AF5D2C /* DosirakUITests */,
			);
		};
/* End PBXProject section */

/* Begin PBXResourcesBuildPhase section */
		B50445FA2CB95C2000AF5D2C /* Resources */ = {
			isa = PBXResourcesBuildPhase;
			buildActionMask = 2147483647;
			files = (
			);
			runOnlyForDeploymentPostprocessing = 0;
		};
		B50446132CB95C2100AF5D2C /* Resources */ = {
			isa = PBXResourcesBuildPhase;
			buildActionMask = 2147483647;
			files = (
			);
			runOnlyForDeploymentPostprocessing = 0;
		};
		B504461D2CB95C2100AF5D2C /* Resources */ = {
			isa = PBXResourcesBuildPhase;
			buildActionMask = 2147483647;
			files = (
			);
			runOnlyForDeploymentPostprocessing = 0;
		};
/* End PBXResourcesBuildPhase section */

/* Begin PBXShellScriptBuildPhase section */
		1E18D76B3F766B6130769616 /* [CP] Embed Pods Frameworks */ = {
			isa = PBXShellScriptBuildPhase;
			buildActionMask = 2147483647;
			files = (
			);
			inputFileListPaths = (
				"${PODS_ROOT}/Target Support Files/Pods-DosirakTests/Pods-DosirakTests-frameworks-${CONFIGURATION}-input-files.xcfilelist",
			);
			name = "[CP] Embed Pods Frameworks";
			outputFileListPaths = (
				"${PODS_ROOT}/Target Support Files/Pods-DosirakTests/Pods-DosirakTests-frameworks-${CONFIGURATION}-output-files.xcfilelist",
			);
			runOnlyForDeploymentPostprocessing = 0;
			shellPath = /bin/sh;
			shellScript = "\"${PODS_ROOT}/Target Support Files/Pods-DosirakTests/Pods-DosirakTests-frameworks.sh\"\n";
			showEnvVarsInLog = 0;
		};
		A6AF3D1CD15CDBACF6ED8AAF /* [CP] Check Pods Manifest.lock */ = {
			isa = PBXShellScriptBuildPhase;
			buildActionMask = 2147483647;
			files = (
			);
			inputFileListPaths = (
			);
			inputPaths = (
				"${PODS_PODFILE_DIR_PATH}/Podfile.lock",
				"${PODS_ROOT}/Manifest.lock",
			);
			name = "[CP] Check Pods Manifest.lock";
			outputFileListPaths = (
			);
			outputPaths = (
				"$(DERIVED_FILE_DIR)/Pods-Dosirak-DosirakUITests-checkManifestLockResult.txt",
			);
			runOnlyForDeploymentPostprocessing = 0;
			shellPath = /bin/sh;
			shellScript = "diff \"${PODS_PODFILE_DIR_PATH}/Podfile.lock\" \"${PODS_ROOT}/Manifest.lock\" > /dev/null\nif [ $? != 0 ] ; then\n    # print error to STDERR\n    echo \"error: The sandbox is not in sync with the Podfile.lock. Run 'pod install' or update your CocoaPods installation.\" >&2\n    exit 1\nfi\n# This output is used by Xcode 'outputs' to avoid re-running this script phase.\necho \"SUCCESS\" > \"${SCRIPT_OUTPUT_FILE_0}\"\n";
			showEnvVarsInLog = 0;
		};
		E2A222F6D1B82A51107A4D89 /* [CP] Check Pods Manifest.lock */ = {
			isa = PBXShellScriptBuildPhase;
			buildActionMask = 2147483647;
			files = (
			);
			inputFileListPaths = (
			);
			inputPaths = (
				"${PODS_PODFILE_DIR_PATH}/Podfile.lock",
				"${PODS_ROOT}/Manifest.lock",
			);
			name = "[CP] Check Pods Manifest.lock";
			outputFileListPaths = (
			);
			outputPaths = (
				"$(DERIVED_FILE_DIR)/Pods-Dosirak-checkManifestLockResult.txt",
			);
			runOnlyForDeploymentPostprocessing = 0;
			shellPath = /bin/sh;
			shellScript = "diff \"${PODS_PODFILE_DIR_PATH}/Podfile.lock\" \"${PODS_ROOT}/Manifest.lock\" > /dev/null\nif [ $? != 0 ] ; then\n    # print error to STDERR\n    echo \"error: The sandbox is not in sync with the Podfile.lock. Run 'pod install' or update your CocoaPods installation.\" >&2\n    exit 1\nfi\n# This output is used by Xcode 'outputs' to avoid re-running this script phase.\necho \"SUCCESS\" > \"${SCRIPT_OUTPUT_FILE_0}\"\n";
			showEnvVarsInLog = 0;
		};
		F97ABEF93010572E8ADAF100 /* [CP] Check Pods Manifest.lock */ = {
			isa = PBXShellScriptBuildPhase;
			buildActionMask = 2147483647;
			files = (
			);
			inputFileListPaths = (
			);
			inputPaths = (
				"${PODS_PODFILE_DIR_PATH}/Podfile.lock",
				"${PODS_ROOT}/Manifest.lock",
			);
			name = "[CP] Check Pods Manifest.lock";
			outputFileListPaths = (
			);
			outputPaths = (
				"$(DERIVED_FILE_DIR)/Pods-DosirakTests-checkManifestLockResult.txt",
			);
			runOnlyForDeploymentPostprocessing = 0;
			shellPath = /bin/sh;
			shellScript = "diff \"${PODS_PODFILE_DIR_PATH}/Podfile.lock\" \"${PODS_ROOT}/Manifest.lock\" > /dev/null\nif [ $? != 0 ] ; then\n    # print error to STDERR\n    echo \"error: The sandbox is not in sync with the Podfile.lock. Run 'pod install' or update your CocoaPods installation.\" >&2\n    exit 1\nfi\n# This output is used by Xcode 'outputs' to avoid re-running this script phase.\necho \"SUCCESS\" > \"${SCRIPT_OUTPUT_FILE_0}\"\n";
			showEnvVarsInLog = 0;
		};
/* End PBXShellScriptBuildPhase section */

/* Begin PBXSourcesBuildPhase section */
		B50445F82CB95C2000AF5D2C /* Sources */ = {
			isa = PBXSourcesBuildPhase;
			buildActionMask = 2147483647;
			files = (
			);
			runOnlyForDeploymentPostprocessing = 0;
		};
		B50446112CB95C2100AF5D2C /* Sources */ = {
			isa = PBXSourcesBuildPhase;
			buildActionMask = 2147483647;
			files = (
			);
			runOnlyForDeploymentPostprocessing = 0;
		};
		B504461B2CB95C2100AF5D2C /* Sources */ = {
			isa = PBXSourcesBuildPhase;
			buildActionMask = 2147483647;
			files = (
			);
			runOnlyForDeploymentPostprocessing = 0;
		};
/* End PBXSourcesBuildPhase section */

/* Begin PBXTargetDependency section */
		B50446172CB95C2100AF5D2C /* PBXTargetDependency */ = {
			isa = PBXTargetDependency;
			target = B50445FB2CB95C2000AF5D2C /* Dosirak */;
			targetProxy = B50446162CB95C2100AF5D2C /* PBXContainerItemProxy */;
		};
		B50446212CB95C2100AF5D2C /* PBXTargetDependency */ = {
			isa = PBXTargetDependency;
			target = B50445FB2CB95C2000AF5D2C /* Dosirak */;
			targetProxy = B50446202CB95C2100AF5D2C /* PBXContainerItemProxy */;
		};
/* End PBXTargetDependency section */

/* Begin XCBuildConfiguration section */
		B50446292CB95C2100AF5D2C /* Debug */ = {
			isa = XCBuildConfiguration;
			baseConfigurationReference = 520DAE2B5803A9B01EF9DA43 /* Pods-Dosirak.debug.xcconfig */;
			buildSettings = {
				ASSETCATALOG_COMPILER_APPICON_NAME = AppIcon;
				ASSETCATALOG_COMPILER_GLOBAL_ACCENT_COLOR_NAME = AccentColor;
				CODE_SIGN_STYLE = Automatic;
				CURRENT_PROJECT_VERSION = 1;
				DEVELOPMENT_TEAM = AU24ZRJ649;
				GENERATE_INFOPLIST_FILE = YES;
				INFOPLIST_FILE = Dosirak/Info.plist;
				INFOPLIST_KEY_UIApplicationSupportsIndirectInputEvents = YES;
				INFOPLIST_KEY_UILaunchStoryboardName = LaunchScreen;
				INFOPLIST_KEY_UIMainStoryboardFile = Main;
				INFOPLIST_KEY_UISupportedInterfaceOrientations_iPad = "UIInterfaceOrientationPortrait UIInterfaceOrientationPortraitUpsideDown UIInterfaceOrientationLandscapeLeft UIInterfaceOrientationLandscapeRight";
				INFOPLIST_KEY_UISupportedInterfaceOrientations_iPhone = "UIInterfaceOrientationPortrait UIInterfaceOrientationLandscapeLeft UIInterfaceOrientationLandscapeRight";
				IPHONEOS_DEPLOYMENT_TARGET = 16.0;
				LD_RUNPATH_SEARCH_PATHS = (
					"$(inherited)",
					"@executable_path/Frameworks",
				);
				MARKETING_VERSION = 1.0;
				PRODUCT_BUNDLE_IDENTIFIER = com.minjae.Dosirak;
				PRODUCT_NAME = "$(TARGET_NAME)";
				SWIFT_EMIT_LOC_STRINGS = YES;
				SWIFT_VERSION = 5.0;
				TARGETED_DEVICE_FAMILY = "1,2";
			};
			name = Debug;
		};
		B504462A2CB95C2100AF5D2C /* Release */ = {
			isa = XCBuildConfiguration;
			baseConfigurationReference = B0F40886EB7F52A061C5A9B4 /* Pods-Dosirak.release.xcconfig */;
			buildSettings = {
				ASSETCATALOG_COMPILER_APPICON_NAME = AppIcon;
				ASSETCATALOG_COMPILER_GLOBAL_ACCENT_COLOR_NAME = AccentColor;
				CODE_SIGN_STYLE = Automatic;
				CURRENT_PROJECT_VERSION = 1;
				DEVELOPMENT_TEAM = AU24ZRJ649;
				GENERATE_INFOPLIST_FILE = YES;
				INFOPLIST_FILE = Dosirak/Info.plist;
				INFOPLIST_KEY_UIApplicationSupportsIndirectInputEvents = YES;
				INFOPLIST_KEY_UILaunchStoryboardName = LaunchScreen;
				INFOPLIST_KEY_UIMainStoryboardFile = Main;
				INFOPLIST_KEY_UISupportedInterfaceOrientations_iPad = "UIInterfaceOrientationPortrait UIInterfaceOrientationPortraitUpsideDown UIInterfaceOrientationLandscapeLeft UIInterfaceOrientationLandscapeRight";
				INFOPLIST_KEY_UISupportedInterfaceOrientations_iPhone = "UIInterfaceOrientationPortrait UIInterfaceOrientationLandscapeLeft UIInterfaceOrientationLandscapeRight";
				IPHONEOS_DEPLOYMENT_TARGET = 16.0;
				LD_RUNPATH_SEARCH_PATHS = (
					"$(inherited)",
					"@executable_path/Frameworks",
				);
				MARKETING_VERSION = 1.0;
				PRODUCT_BUNDLE_IDENTIFIER = com.minjae.Dosirak;
				PRODUCT_NAME = "$(TARGET_NAME)";
				SWIFT_EMIT_LOC_STRINGS = YES;
				SWIFT_VERSION = 5.0;
				TARGETED_DEVICE_FAMILY = "1,2";
			};
			name = Release;
		};
		B504462B2CB95C2100AF5D2C /* Debug */ = {
			isa = XCBuildConfiguration;
			buildSettings = {
				ALWAYS_SEARCH_USER_PATHS = NO;
				ASSETCATALOG_COMPILER_GENERATE_SWIFT_ASSET_SYMBOL_EXTENSIONS = YES;
				CLANG_ANALYZER_NONNULL = YES;
				CLANG_ANALYZER_NUMBER_OBJECT_CONVERSION = YES_AGGRESSIVE;
				CLANG_CXX_LANGUAGE_STANDARD = "gnu++20";
				CLANG_ENABLE_MODULES = YES;
				CLANG_ENABLE_OBJC_ARC = YES;
				CLANG_ENABLE_OBJC_WEAK = YES;
				CLANG_WARN_BLOCK_CAPTURE_AUTORELEASING = YES;
				CLANG_WARN_BOOL_CONVERSION = YES;
				CLANG_WARN_COMMA = YES;
				CLANG_WARN_CONSTANT_CONVERSION = YES;
				CLANG_WARN_DEPRECATED_OBJC_IMPLEMENTATIONS = YES;
				CLANG_WARN_DIRECT_OBJC_ISA_USAGE = YES_ERROR;
				CLANG_WARN_DOCUMENTATION_COMMENTS = YES;
				CLANG_WARN_EMPTY_BODY = YES;
				CLANG_WARN_ENUM_CONVERSION = YES;
				CLANG_WARN_INFINITE_RECURSION = YES;
				CLANG_WARN_INT_CONVERSION = YES;
				CLANG_WARN_NON_LITERAL_NULL_CONVERSION = YES;
				CLANG_WARN_OBJC_IMPLICIT_RETAIN_SELF = YES;
				CLANG_WARN_OBJC_LITERAL_CONVERSION = YES;
				CLANG_WARN_OBJC_ROOT_CLASS = YES_ERROR;
				CLANG_WARN_QUOTED_INCLUDE_IN_FRAMEWORK_HEADER = YES;
				CLANG_WARN_RANGE_LOOP_ANALYSIS = YES;
				CLANG_WARN_STRICT_PROTOTYPES = YES;
				CLANG_WARN_SUSPICIOUS_MOVE = YES;
				CLANG_WARN_UNGUARDED_AVAILABILITY = YES_AGGRESSIVE;
				CLANG_WARN_UNREACHABLE_CODE = YES;
				CLANG_WARN__DUPLICATE_METHOD_MATCH = YES;
				COPY_PHASE_STRIP = NO;
				DEBUG_INFORMATION_FORMAT = dwarf;
				ENABLE_STRICT_OBJC_MSGSEND = YES;
				ENABLE_TESTABILITY = YES;
				ENABLE_USER_SCRIPT_SANDBOXING = YES;
				GCC_C_LANGUAGE_STANDARD = gnu17;
				GCC_DYNAMIC_NO_PIC = NO;
				GCC_NO_COMMON_BLOCKS = YES;
				GCC_OPTIMIZATION_LEVEL = 0;
				GCC_PREPROCESSOR_DEFINITIONS = (
					"DEBUG=1",
					"$(inherited)",
				);
				GCC_WARN_64_TO_32_BIT_CONVERSION = YES;
				GCC_WARN_ABOUT_RETURN_TYPE = YES_ERROR;
				GCC_WARN_UNDECLARED_SELECTOR = YES;
				GCC_WARN_UNINITIALIZED_AUTOS = YES_AGGRESSIVE;
				GCC_WARN_UNUSED_FUNCTION = YES;
				GCC_WARN_UNUSED_VARIABLE = YES;
				IPHONEOS_DEPLOYMENT_TARGET = 18.0;
				LOCALIZATION_PREFERS_STRING_CATALOGS = YES;
				MTL_ENABLE_DEBUG_INFO = INCLUDE_SOURCE;
				MTL_FAST_MATH = YES;
				ONLY_ACTIVE_ARCH = YES;
				SDKROOT = iphoneos;
				SWIFT_ACTIVE_COMPILATION_CONDITIONS = "DEBUG $(inherited)";
				SWIFT_OPTIMIZATION_LEVEL = "-Onone";
			};
			name = Debug;
		};
		B504462C2CB95C2100AF5D2C /* Release */ = {
			isa = XCBuildConfiguration;
			buildSettings = {
				ALWAYS_SEARCH_USER_PATHS = NO;
				ASSETCATALOG_COMPILER_GENERATE_SWIFT_ASSET_SYMBOL_EXTENSIONS = YES;
				CLANG_ANALYZER_NONNULL = YES;
				CLANG_ANALYZER_NUMBER_OBJECT_CONVERSION = YES_AGGRESSIVE;
				CLANG_CXX_LANGUAGE_STANDARD = "gnu++20";
				CLANG_ENABLE_MODULES = YES;
				CLANG_ENABLE_OBJC_ARC = YES;
				CLANG_ENABLE_OBJC_WEAK = YES;
				CLANG_WARN_BLOCK_CAPTURE_AUTORELEASING = YES;
				CLANG_WARN_BOOL_CONVERSION = YES;
				CLANG_WARN_COMMA = YES;
				CLANG_WARN_CONSTANT_CONVERSION = YES;
				CLANG_WARN_DEPRECATED_OBJC_IMPLEMENTATIONS = YES;
				CLANG_WARN_DIRECT_OBJC_ISA_USAGE = YES_ERROR;
				CLANG_WARN_DOCUMENTATION_COMMENTS = YES;
				CLANG_WARN_EMPTY_BODY = YES;
				CLANG_WARN_ENUM_CONVERSION = YES;
				CLANG_WARN_INFINITE_RECURSION = YES;
				CLANG_WARN_INT_CONVERSION = YES;
				CLANG_WARN_NON_LITERAL_NULL_CONVERSION = YES;
				CLANG_WARN_OBJC_IMPLICIT_RETAIN_SELF = YES;
				CLANG_WARN_OBJC_LITERAL_CONVERSION = YES;
				CLANG_WARN_OBJC_ROOT_CLASS = YES_ERROR;
				CLANG_WARN_QUOTED_INCLUDE_IN_FRAMEWORK_HEADER = YES;
				CLANG_WARN_RANGE_LOOP_ANALYSIS = YES;
				CLANG_WARN_STRICT_PROTOTYPES = YES;
				CLANG_WARN_SUSPICIOUS_MOVE = YES;
				CLANG_WARN_UNGUARDED_AVAILABILITY = YES_AGGRESSIVE;
				CLANG_WARN_UNREACHABLE_CODE = YES;
				CLANG_WARN__DUPLICATE_METHOD_MATCH = YES;
				COPY_PHASE_STRIP = NO;
				DEBUG_INFORMATION_FORMAT = "dwarf-with-dsym";
				ENABLE_NS_ASSERTIONS = NO;
				ENABLE_STRICT_OBJC_MSGSEND = YES;
				ENABLE_USER_SCRIPT_SANDBOXING = YES;
				GCC_C_LANGUAGE_STANDARD = gnu17;
				GCC_NO_COMMON_BLOCKS = YES;
				GCC_WARN_64_TO_32_BIT_CONVERSION = YES;
				GCC_WARN_ABOUT_RETURN_TYPE = YES_ERROR;
				GCC_WARN_UNDECLARED_SELECTOR = YES;
				GCC_WARN_UNINITIALIZED_AUTOS = YES_AGGRESSIVE;
				GCC_WARN_UNUSED_FUNCTION = YES;
				GCC_WARN_UNUSED_VARIABLE = YES;
				IPHONEOS_DEPLOYMENT_TARGET = 18.0;
				LOCALIZATION_PREFERS_STRING_CATALOGS = YES;
				MTL_ENABLE_DEBUG_INFO = NO;
				MTL_FAST_MATH = YES;
				SDKROOT = iphoneos;
				SWIFT_COMPILATION_MODE = wholemodule;
				VALIDATE_PRODUCT = YES;
			};
			name = Release;
		};
		B504462E2CB95C2100AF5D2C /* Debug */ = {
			isa = XCBuildConfiguration;
			baseConfigurationReference = A9219F1313E3EA901AD42144 /* Pods-DosirakTests.debug.xcconfig */;
			buildSettings = {
				BUNDLE_LOADER = "$(TEST_HOST)";
				CODE_SIGN_STYLE = Automatic;
				CURRENT_PROJECT_VERSION = 1;
				DEVELOPMENT_TEAM = AU24ZRJ649;
				GENERATE_INFOPLIST_FILE = YES;
				IPHONEOS_DEPLOYMENT_TARGET = 18.0;
				MARKETING_VERSION = 1.0;
				PRODUCT_BUNDLE_IDENTIFIER = com.minjae.DosirakTests;
				PRODUCT_NAME = "$(TARGET_NAME)";
				SWIFT_EMIT_LOC_STRINGS = NO;
				SWIFT_VERSION = 5.0;
				TARGETED_DEVICE_FAMILY = "1,2";
				TEST_HOST = "$(BUILT_PRODUCTS_DIR)/Dosirak.app/$(BUNDLE_EXECUTABLE_FOLDER_PATH)/Dosirak";
			};
			name = Debug;
		};
		B504462F2CB95C2100AF5D2C /* Release */ = {
			isa = XCBuildConfiguration;
			baseConfigurationReference = 516A31F4C44BE67DEA56377F /* Pods-DosirakTests.release.xcconfig */;
			buildSettings = {
				BUNDLE_LOADER = "$(TEST_HOST)";
				CODE_SIGN_STYLE = Automatic;
				CURRENT_PROJECT_VERSION = 1;
				DEVELOPMENT_TEAM = AU24ZRJ649;
				GENERATE_INFOPLIST_FILE = YES;
				IPHONEOS_DEPLOYMENT_TARGET = 18.0;
				MARKETING_VERSION = 1.0;
				PRODUCT_BUNDLE_IDENTIFIER = com.minjae.DosirakTests;
				PRODUCT_NAME = "$(TARGET_NAME)";
				SWIFT_EMIT_LOC_STRINGS = NO;
				SWIFT_VERSION = 5.0;
				TARGETED_DEVICE_FAMILY = "1,2";
				TEST_HOST = "$(BUILT_PRODUCTS_DIR)/Dosirak.app/$(BUNDLE_EXECUTABLE_FOLDER_PATH)/Dosirak";
			};
			name = Release;
		};
		B50446312CB95C2100AF5D2C /* Debug */ = {
			isa = XCBuildConfiguration;
			baseConfigurationReference = BF8D8EEE824616EE7F7F19AB /* Pods-Dosirak-DosirakUITests.debug.xcconfig */;
			buildSettings = {
				CODE_SIGN_STYLE = Automatic;
				CURRENT_PROJECT_VERSION = 1;
				DEVELOPMENT_TEAM = AU24ZRJ649;
				GENERATE_INFOPLIST_FILE = YES;
				MARKETING_VERSION = 1.0;
				PRODUCT_BUNDLE_IDENTIFIER = com.minjae.DosirakUITests;
				PRODUCT_NAME = "$(TARGET_NAME)";
				SWIFT_EMIT_LOC_STRINGS = NO;
				SWIFT_VERSION = 5.0;
				TARGETED_DEVICE_FAMILY = "1,2";
				TEST_TARGET_NAME = Dosirak;
			};
			name = Debug;
		};
		B50446322CB95C2100AF5D2C /* Release */ = {
			isa = XCBuildConfiguration;
			baseConfigurationReference = 5F853EDA0C7C5E7F015C2704 /* Pods-Dosirak-DosirakUITests.release.xcconfig */;
			buildSettings = {
				CODE_SIGN_STYLE = Automatic;
				CURRENT_PROJECT_VERSION = 1;
				DEVELOPMENT_TEAM = AU24ZRJ649;
				GENERATE_INFOPLIST_FILE = YES;
				MARKETING_VERSION = 1.0;
				PRODUCT_BUNDLE_IDENTIFIER = com.minjae.DosirakUITests;
				PRODUCT_NAME = "$(TARGET_NAME)";
				SWIFT_EMIT_LOC_STRINGS = NO;
				SWIFT_VERSION = 5.0;
				TARGETED_DEVICE_FAMILY = "1,2";
				TEST_TARGET_NAME = Dosirak;
			};
			name = Release;
		};
/* End XCBuildConfiguration section */

/* Begin XCConfigurationList section */
		B50445F72CB95C2000AF5D2C /* Build configuration list for PBXProject "Dosirak" */ = {
			isa = XCConfigurationList;
			buildConfigurations = (
				B504462B2CB95C2100AF5D2C /* Debug */,
				B504462C2CB95C2100AF5D2C /* Release */,
			);
			defaultConfigurationIsVisible = 0;
			defaultConfigurationName = Release;
		};
		B50446282CB95C2100AF5D2C /* Build configuration list for PBXNativeTarget "Dosirak" */ = {
			isa = XCConfigurationList;
			buildConfigurations = (
				B50446292CB95C2100AF5D2C /* Debug */,
				B504462A2CB95C2100AF5D2C /* Release */,
			);
			defaultConfigurationIsVisible = 0;
			defaultConfigurationName = Release;
		};
		B504462D2CB95C2100AF5D2C /* Build configuration list for PBXNativeTarget "DosirakTests" */ = {
			isa = XCConfigurationList;
			buildConfigurations = (
				B504462E2CB95C2100AF5D2C /* Debug */,
				B504462F2CB95C2100AF5D2C /* Release */,
			);
			defaultConfigurationIsVisible = 0;
			defaultConfigurationName = Release;
		};
		B50446302CB95C2100AF5D2C /* Build configuration list for PBXNativeTarget "DosirakUITests" */ = {
			isa = XCConfigurationList;
			buildConfigurations = (
				B50446312CB95C2100AF5D2C /* Debug */,
				B50446322CB95C2100AF5D2C /* Release */,
			);
			defaultConfigurationIsVisible = 0;
			defaultConfigurationName = Release;
		};
/* End XCConfigurationList section */
	};
	rootObject = B50445F42CB95C2000AF5D2C /* Project object */;
}
