// !$*UTF8*$!
{
	archiveVersion = 1;
	classes = {
	};
	objectVersion = 70;
	objects = {

/* Begin PBXBuildFile section */
		71D827CBC4F06709BEBFD16F /* Pods_Dosirak.framework in Frameworks */ = {isa = PBXBuildFile; fileRef = 36F576CA08E3B7D9E140B7FB /* Pods_Dosirak.framework */; };
		B50D983D2CE8DD0C008BD4E7 /* KeychainAccess in Frameworks */ = {isa = PBXBuildFile; productRef = B50D983C2CE8DD0C008BD4E7 /* KeychainAccess */; };
		B50D984C2CEABDA4008BD4E7 /* RxKeyboard in Frameworks */ = {isa = PBXBuildFile; productRef = B50D984B2CEABDA4008BD4E7 /* RxKeyboard */; };
		B5212EA22CCA5A04004A8EA2 /* RxKakaoSDK in Frameworks */ = {isa = PBXBuildFile; productRef = B5212EA12CCA5A04004A8EA2 /* RxKakaoSDK */; };
		B5212EA42CCA5A04004A8EA2 /* RxKakaoSDKAuth in Frameworks */ = {isa = PBXBuildFile; productRef = B5212EA32CCA5A04004A8EA2 /* RxKakaoSDKAuth */; };
		B5212EA62CCA5A04004A8EA2 /* RxKakaoSDKCert in Frameworks */ = {isa = PBXBuildFile; productRef = B5212EA52CCA5A04004A8EA2 /* RxKakaoSDKCert */; };
		B5212EA82CCA5A04004A8EA2 /* RxKakaoSDKCommon in Frameworks */ = {isa = PBXBuildFile; productRef = B5212EA72CCA5A04004A8EA2 /* RxKakaoSDKCommon */; };
		B5212EAA2CCA5A04004A8EA2 /* RxKakaoSDKShare in Frameworks */ = {isa = PBXBuildFile; productRef = B5212EA92CCA5A04004A8EA2 /* RxKakaoSDKShare */; };
		B5212EAC2CCA5A04004A8EA2 /* RxKakaoSDKTalk in Frameworks */ = {isa = PBXBuildFile; productRef = B5212EAB2CCA5A04004A8EA2 /* RxKakaoSDKTalk */; };
		B5212EAE2CCA5A04004A8EA2 /* RxKakaoSDKUser in Frameworks */ = {isa = PBXBuildFile; productRef = B5212EAD2CCA5A04004A8EA2 /* RxKakaoSDKUser */; };
		B5212EB32CCD221C004A8EA2 /* Inject in Frameworks */ = {isa = PBXBuildFile; productRef = B5212EB22CCD221C004A8EA2 /* Inject */; };
		B52F77F02CCE1939008FBC91 /* Differentiator in Frameworks */ = {isa = PBXBuildFile; productRef = B52F77EF2CCE1939008FBC91 /* Differentiator */; };
		B52F77F22CCE1939008FBC91 /* RxDataSources in Frameworks */ = {isa = PBXBuildFile; productRef = B52F77F12CCE1939008FBC91 /* RxDataSources */; };
		B52F78942CD0AED5008FBC91 /* Swinject in Frameworks */ = {isa = PBXBuildFile; productRef = B52F78932CD0AED5008FBC91 /* Swinject */; };
		B52F78DA2CD3A3AD008FBC91 /* RxGesture in Frameworks */ = {isa = PBXBuildFile; productRef = B52F78D92CD3A3AD008FBC91 /* RxGesture */; };
		B541AE042CC12B0D00271910 /* SnapKit in Frameworks */ = {isa = PBXBuildFile; productRef = B541AE032CC12B0D00271910 /* SnapKit */; };
		B541AE122CC12B4100271910 /* KakaoMapsSDK-SPM in Frameworks */ = {isa = PBXBuildFile; productRef = B541AE112CC12B4100271910 /* KakaoMapsSDK-SPM */; };
		B541AE152CC12B6200271910 /* FSCalendar in Frameworks */ = {isa = PBXBuildFile; productRef = B541AE142CC12B6200271910 /* FSCalendar */; };
		B541AE3E2CC12F7B00271910 /* RxBlocking in Frameworks */ = {isa = PBXBuildFile; productRef = B541AE3D2CC12F7B00271910 /* RxBlocking */; };
		B541AE402CC12F7B00271910 /* RxCocoa in Frameworks */ = {isa = PBXBuildFile; productRef = B541AE3F2CC12F7B00271910 /* RxCocoa */; };
		B541AE422CC12F7B00271910 /* RxRelay in Frameworks */ = {isa = PBXBuildFile; productRef = B541AE412CC12F7B00271910 /* RxRelay */; };
		B541AE442CC12F7B00271910 /* RxSwift in Frameworks */ = {isa = PBXBuildFile; productRef = B541AE432CC12F7B00271910 /* RxSwift */; };
		B541AE492CC1307400271910 /* ReactorKit in Frameworks */ = {isa = PBXBuildFile; productRef = B541AE482CC1307400271910 /* ReactorKit */; };
		B541AE772CC1694F00271910 /* SocketIO in Frameworks */ = {isa = PBXBuildFile; productRef = B541AE762CC1694F00271910 /* SocketIO */; };
		B541AF042CC51A2700271910 /* Moya in Frameworks */ = {isa = PBXBuildFile; productRef = B541AF032CC51A2700271910 /* Moya */; };
		B541AF062CC51A2700271910 /* ReactiveMoya in Frameworks */ = {isa = PBXBuildFile; productRef = B541AF052CC51A2700271910 /* ReactiveMoya */; };
		B541AF082CC51A2700271910 /* RxMoya in Frameworks */ = {isa = PBXBuildFile; productRef = B541AF072CC51A2700271910 /* RxMoya */; };
		B541AF0B2CC53C7800271910 /* NaverThirdPartyLogin in Frameworks */ = {isa = PBXBuildFile; productRef = B541AF0A2CC53C7800271910 /* NaverThirdPartyLogin */; };
		B57718472CDC9302004DB4B0 /* Starscream in Frameworks */ = {isa = PBXBuildFile; productRef = B57718462CDC9302004DB4B0 /* Starscream */; };
		B594EF042CD8491200484191 /* PanModal in Frameworks */ = {isa = PBXBuildFile; productRef = B594EF032CD8491200484191 /* PanModal */; };
		B5AD01602CFDF30B002977A7 /* launchscreen.jpg in Resources */ = {isa = PBXBuildFile; fileRef = B5AD015F2CFDF30B002977A7 /* launchscreen.jpg */; };
		B5B9B4002CD52DB10081A0DA /* Kingfisher in Frameworks */ = {isa = PBXBuildFile; productRef = B5B9B3FF2CD52DB10081A0DA /* Kingfisher */; };
		B5E87F4C2CF3818E002A75F9 /* DisposableModel.mlmodel in Sources */ = {isa = PBXBuildFile; fileRef = B5E87F4B2CF3818E002A75F9 /* DisposableModel.mlmodel */; };
		B5FF13C22CD4BBC7008A48DB /* NMapsMap in Frameworks */ = {isa = PBXBuildFile; productRef = B5FF13C12CD4BBC7008A48DB /* NMapsMap */; };
/* End PBXBuildFile section */

/* Begin PBXFileReference section */
		36F576CA08E3B7D9E140B7FB /* Pods_Dosirak.framework */ = {isa = PBXFileReference; explicitFileType = wrapper.framework; includeInIndex = 0; path = Pods_Dosirak.framework; sourceTree = BUILT_PRODUCTS_DIR; };
		91004DBA4A329B691B887093 /* Pods-Dosirak.release.xcconfig */ = {isa = PBXFileReference; includeInIndex = 1; lastKnownFileType = text.xcconfig; name = "Pods-Dosirak.release.xcconfig"; path = "Target Support Files/Pods-Dosirak/Pods-Dosirak.release.xcconfig"; sourceTree = "<group>"; };
		B515F4FB2CC0FA4200AC64E9 /* Dosirak.app */ = {isa = PBXFileReference; explicitFileType = wrapper.application; includeInIndex = 0; path = Dosirak.app; sourceTree = BUILT_PRODUCTS_DIR; };
		B5AD015F2CFDF30B002977A7 /* launchscreen.jpg */ = {isa = PBXFileReference; lastKnownFileType = image.jpeg; path = launchscreen.jpg; sourceTree = "<group>"; };
		B5E87F4B2CF3818E002A75F9 /* DisposableModel.mlmodel */ = {isa = PBXFileReference; lastKnownFileType = file.mlmodel; path = DisposableModel.mlmodel; sourceTree = "<group>"; };
		FD7DB0371EDD1D8DB4570150 /* Pods-Dosirak.debug.xcconfig */ = {isa = PBXFileReference; includeInIndex = 1; lastKnownFileType = text.xcconfig; name = "Pods-Dosirak.debug.xcconfig"; path = "Target Support Files/Pods-Dosirak/Pods-Dosirak.debug.xcconfig"; sourceTree = "<group>"; };
/* End PBXFileReference section */

/* Begin PBXFileSystemSynchronizedBuildFileExceptionSet section */
		B515F5262CC0FA4300AC64E9 /* PBXFileSystemSynchronizedBuildFileExceptionSet */ = {
			isa = PBXFileSystemSynchronizedBuildFileExceptionSet;
			membershipExceptions = (
				Info.plist,
			);
			target = B515F4FA2CC0FA4200AC64E9 /* Dosirak */;
		};
/* End PBXFileSystemSynchronizedBuildFileExceptionSet section */

/* Begin PBXFileSystemSynchronizedRootGroup section */
		B515F4FD2CC0FA4200AC64E9 /* Dosirak */ = {isa = PBXFileSystemSynchronizedRootGroup; exceptions = (B515F5262CC0FA4300AC64E9 /* PBXFileSystemSynchronizedBuildFileExceptionSet */, ); explicitFileTypes = {}; explicitFolders = (); path = Dosirak; sourceTree = "<group>"; };
/* End PBXFileSystemSynchronizedRootGroup section */

/* Begin PBXFrameworksBuildPhase section */
		B515F4F82CC0FA4200AC64E9 /* Frameworks */ = {
			isa = PBXFrameworksBuildPhase;
			buildActionMask = 2147483647;
			files = (
				B594EF042CD8491200484191 /* PanModal in Frameworks */,
				B541AE422CC12F7B00271910 /* RxRelay in Frameworks */,
				B541AE042CC12B0D00271910 /* SnapKit in Frameworks */,
				B52F77F02CCE1939008FBC91 /* Differentiator in Frameworks */,
				B541AF0B2CC53C7800271910 /* NaverThirdPartyLogin in Frameworks */,
				B50D984C2CEABDA4008BD4E7 /* RxKeyboard in Frameworks */,
				B5212EAA2CCA5A04004A8EA2 /* RxKakaoSDKShare in Frameworks */,
				B5212EA42CCA5A04004A8EA2 /* RxKakaoSDKAuth in Frameworks */,
				B541AE492CC1307400271910 /* ReactorKit in Frameworks */,
				B541AE3E2CC12F7B00271910 /* RxBlocking in Frameworks */,
				B541AE402CC12F7B00271910 /* RxCocoa in Frameworks */,
				B5212EAE2CCA5A04004A8EA2 /* RxKakaoSDKUser in Frameworks */,
				B541AE152CC12B6200271910 /* FSCalendar in Frameworks */,
				B5212EA22CCA5A04004A8EA2 /* RxKakaoSDK in Frameworks */,
				B5FF13C22CD4BBC7008A48DB /* NMapsMap in Frameworks */,
				B5212EA82CCA5A04004A8EA2 /* RxKakaoSDKCommon in Frameworks */,
				B52F78DA2CD3A3AD008FBC91 /* RxGesture in Frameworks */,
				B5B9B4002CD52DB10081A0DA /* Kingfisher in Frameworks */,
				B5212EAC2CCA5A04004A8EA2 /* RxKakaoSDKTalk in Frameworks */,
				B541AF082CC51A2700271910 /* RxMoya in Frameworks */,
				B541AE122CC12B4100271910 /* KakaoMapsSDK-SPM in Frameworks */,
				B541AE442CC12F7B00271910 /* RxSwift in Frameworks */,
				B541AF042CC51A2700271910 /* Moya in Frameworks */,
				B57718472CDC9302004DB4B0 /* Starscream in Frameworks */,
				B5212EB32CCD221C004A8EA2 /* Inject in Frameworks */,
				B541AE772CC1694F00271910 /* SocketIO in Frameworks */,
				B50D983D2CE8DD0C008BD4E7 /* KeychainAccess in Frameworks */,
				B52F77F22CCE1939008FBC91 /* RxDataSources in Frameworks */,
				B541AF062CC51A2700271910 /* ReactiveMoya in Frameworks */,
				B5212EA62CCA5A04004A8EA2 /* RxKakaoSDKCert in Frameworks */,
				B52F78942CD0AED5008FBC91 /* Swinject in Frameworks */,
				71D827CBC4F06709BEBFD16F /* Pods_Dosirak.framework in Frameworks */,
			);
			runOnlyForDeploymentPostprocessing = 0;
		};
/* End PBXFrameworksBuildPhase section */

/* Begin PBXGroup section */
		0C9C2A1D94FC13F6B172E71C /* Frameworks */ = {
			isa = PBXGroup;
			children = (
				36F576CA08E3B7D9E140B7FB /* Pods_Dosirak.framework */,
			);
			name = Frameworks;
			sourceTree = "<group>";
		};
		B32A7E86DDDD89FAE272B97E /* Pods */ = {
			isa = PBXGroup;
			children = (
				FD7DB0371EDD1D8DB4570150 /* Pods-Dosirak.debug.xcconfig */,
				91004DBA4A329B691B887093 /* Pods-Dosirak.release.xcconfig */,
			);
			path = Pods;
			sourceTree = "<group>";
		};
		B515F4F22CC0FA4200AC64E9 = {
			isa = PBXGroup;
			children = (
				B5AD015F2CFDF30B002977A7 /* launchscreen.jpg */,
				B5E87F4B2CF3818E002A75F9 /* DisposableModel.mlmodel */,
				B515F4FD2CC0FA4200AC64E9 /* Dosirak */,
				B515F4FC2CC0FA4200AC64E9 /* Products */,
				B32A7E86DDDD89FAE272B97E /* Pods */,
				0C9C2A1D94FC13F6B172E71C /* Frameworks */,
			);
			sourceTree = "<group>";
		};
		B515F4FC2CC0FA4200AC64E9 /* Products */ = {
			isa = PBXGroup;
			children = (
				B515F4FB2CC0FA4200AC64E9 /* Dosirak.app */,
			);
			name = Products;
			sourceTree = "<group>";
		};
/* End PBXGroup section */

/* Begin PBXNativeTarget section */
		B515F4FA2CC0FA4200AC64E9 /* Dosirak */ = {
			isa = PBXNativeTarget;
			buildConfigurationList = B515F5272CC0FA4300AC64E9 /* Build configuration list for PBXNativeTarget "Dosirak" */;
			buildPhases = (
				3A371A12BA22FEC54183287A /* [CP] Check Pods Manifest.lock */,
				B515F4F72CC0FA4200AC64E9 /* Sources */,
				B515F4F82CC0FA4200AC64E9 /* Frameworks */,
				B515F4F92CC0FA4200AC64E9 /* Resources */,
				9C3DB0504513C3FBC5677871 /* [CP] Embed Pods Frameworks */,
			);
			buildRules = (
			);
			dependencies = (
			);
			fileSystemSynchronizedGroups = (
				B515F4FD2CC0FA4200AC64E9 /* Dosirak */,
			);
			name = Dosirak;
			packageProductDependencies = (
				B541AE032CC12B0D00271910 /* SnapKit */,
				B541AE112CC12B4100271910 /* KakaoMapsSDK-SPM */,
				B541AE142CC12B6200271910 /* FSCalendar */,
				B541AE3D2CC12F7B00271910 /* RxBlocking */,
				B541AE3F2CC12F7B00271910 /* RxCocoa */,
				B541AE412CC12F7B00271910 /* RxRelay */,
				B541AE432CC12F7B00271910 /* RxSwift */,
				B541AE482CC1307400271910 /* ReactorKit */,
				B541AE762CC1694F00271910 /* SocketIO */,
				B541AF032CC51A2700271910 /* Moya */,
				B541AF052CC51A2700271910 /* ReactiveMoya */,
				B541AF072CC51A2700271910 /* RxMoya */,
				B541AF0A2CC53C7800271910 /* NaverThirdPartyLogin */,
				B5212EA12CCA5A04004A8EA2 /* RxKakaoSDK */,
				B5212EA32CCA5A04004A8EA2 /* RxKakaoSDKAuth */,
				B5212EA52CCA5A04004A8EA2 /* RxKakaoSDKCert */,
				B5212EA72CCA5A04004A8EA2 /* RxKakaoSDKCommon */,
				B5212EA92CCA5A04004A8EA2 /* RxKakaoSDKShare */,
				B5212EAB2CCA5A04004A8EA2 /* RxKakaoSDKTalk */,
				B5212EAD2CCA5A04004A8EA2 /* RxKakaoSDKUser */,
				B5212EB22CCD221C004A8EA2 /* Inject */,
				B52F77EF2CCE1939008FBC91 /* Differentiator */,
				B52F77F12CCE1939008FBC91 /* RxDataSources */,
				B52F78932CD0AED5008FBC91 /* Swinject */,
				B52F78D92CD3A3AD008FBC91 /* RxGesture */,
				B5FF13C12CD4BBC7008A48DB /* NMapsMap */,
				B5B9B3FF2CD52DB10081A0DA /* Kingfisher */,
				B594EF032CD8491200484191 /* PanModal */,
				B57718462CDC9302004DB4B0 /* Starscream */,
				B50D983C2CE8DD0C008BD4E7 /* KeychainAccess */,
				B50D984B2CEABDA4008BD4E7 /* RxKeyboard */,
			);
			productName = Dosirak;
			productReference = B515F4FB2CC0FA4200AC64E9 /* Dosirak.app */;
			productType = "com.apple.product-type.application";
		};
/* End PBXNativeTarget section */

/* Begin PBXProject section */
		B515F4F32CC0FA4200AC64E9 /* Project object */ = {
			isa = PBXProject;
			attributes = {
				LastSwiftUpdateCheck = 1600;
				LastUpgradeCheck = 1600;
				TargetAttributes = {
					B515F4FA2CC0FA4200AC64E9 = {
						CreatedOnToolsVersion = 16.0;
					};
				};
			};
			buildConfigurationList = B515F4F62CC0FA4200AC64E9 /* Build configuration list for PBXProject "Dosirak" */;
			compatibilityVersion = "Xcode 14.0";
			developmentRegion = en;
			hasScannedForEncodings = 0;
			knownRegions = (
				en,
				Base,
			);
			mainGroup = B515F4F22CC0FA4200AC64E9;
			minimizedProjectReferenceProxies = 1;
			packageReferences = (
				B541AE022CC12B0D00271910 /* XCRemoteSwiftPackageReference "SnapKit" */,
				B541AE102CC12B4100271910 /* XCRemoteSwiftPackageReference "KakaoMapsSDK-SPM" */,
				B541AE132CC12B6200271910 /* XCRemoteSwiftPackageReference "FSCalendar" */,
				B541AE3C2CC12F7B00271910 /* XCRemoteSwiftPackageReference "RxSwift" */,
				B541AE472CC1307400271910 /* XCRemoteSwiftPackageReference "ReactorKit" */,
				B541AE752CC1694F00271910 /* XCRemoteSwiftPackageReference "socket" */,
				B541AF022CC51A2700271910 /* XCRemoteSwiftPackageReference "Moya" */,
				B541AF092CC53C7800271910 /* XCRemoteSwiftPackageReference "naveridlogin-sdk-ios" */,
				B5212EA02CCA5A04004A8EA2 /* XCRemoteSwiftPackageReference "kakao-ios-sdk-rx" */,
				B5212EB12CCD221C004A8EA2 /* XCRemoteSwiftPackageReference "Inject" */,
				B52F77EE2CCE1939008FBC91 /* XCRemoteSwiftPackageReference "RxDataSources" */,
				B52F78922CD0AED5008FBC91 /* XCRemoteSwiftPackageReference "Swinject" */,
				B52F78D82CD3A3AD008FBC91 /* XCRemoteSwiftPackageReference "RxGesture" */,
				B5FF13C02CD4BBC7008A48DB /* XCRemoteSwiftPackageReference "SPM-NMapsMap" */,
				B5B9B3FE2CD52DB10081A0DA /* XCRemoteSwiftPackageReference "Kingfisher" */,
				B594EF022CD8491200484191 /* XCRemoteSwiftPackageReference "PanModal" */,
				B57718452CDC9302004DB4B0 /* XCRemoteSwiftPackageReference "Starscream" */,
				B50D983B2CE8DD0C008BD4E7 /* XCRemoteSwiftPackageReference "KeychainAccess" */,
				B50D984A2CEABDA4008BD4E7 /* XCRemoteSwiftPackageReference "RxKeyboard" */,
			);
			productRefGroup = B515F4FC2CC0FA4200AC64E9 /* Products */;
			projectDirPath = "";
			projectRoot = "";
			targets = (
				B515F4FA2CC0FA4200AC64E9 /* Dosirak */,
			);
		};
/* End PBXProject section */

/* Begin PBXResourcesBuildPhase section */
		B515F4F92CC0FA4200AC64E9 /* Resources */ = {
			isa = PBXResourcesBuildPhase;
			buildActionMask = 2147483647;
			files = (
				B5AD01602CFDF30B002977A7 /* launchscreen.jpg in Resources */,
			);
			runOnlyForDeploymentPostprocessing = 0;
		};
/* End PBXResourcesBuildPhase section */

/* Begin PBXShellScriptBuildPhase section */
		3A371A12BA22FEC54183287A /* [CP] Check Pods Manifest.lock */ = {
			isa = PBXShellScriptBuildPhase;
			buildActionMask = 2147483647;
			files = (
			);
			inputFileListPaths = (
			);
			inputPaths = (
				"${PODS_PODFILE_DIR_PATH}/Podfile.lock",
				"${PODS_ROOT}/Manifest.lock",
			);
			name = "[CP] Check Pods Manifest.lock";
			outputFileListPaths = (
			);
			outputPaths = (
				"$(DERIVED_FILE_DIR)/Pods-Dosirak-checkManifestLockResult.txt",
			);
			runOnlyForDeploymentPostprocessing = 0;
			shellPath = /bin/sh;
			shellScript = "diff \"${PODS_PODFILE_DIR_PATH}/Podfile.lock\" \"${PODS_ROOT}/Manifest.lock\" > /dev/null\nif [ $? != 0 ] ; then\n    # print error to STDERR\n    echo \"error: The sandbox is not in sync with the Podfile.lock. Run 'pod install' or update your CocoaPods installation.\" >&2\n    exit 1\nfi\n# This output is used by Xcode 'outputs' to avoid re-running this script phase.\necho \"SUCCESS\" > \"${SCRIPT_OUTPUT_FILE_0}\"\n";
			showEnvVarsInLog = 0;
		};
		9C3DB0504513C3FBC5677871 /* [CP] Embed Pods Frameworks */ = {
			isa = PBXShellScriptBuildPhase;
			buildActionMask = 2147483647;
			files = (
			);
			inputFileListPaths = (
				"${PODS_ROOT}/Target Support Files/Pods-Dosirak/Pods-Dosirak-frameworks-${CONFIGURATION}-input-files.xcfilelist",
			);
			name = "[CP] Embed Pods Frameworks";
			outputFileListPaths = (
				"${PODS_ROOT}/Target Support Files/Pods-Dosirak/Pods-Dosirak-frameworks-${CONFIGURATION}-output-files.xcfilelist",
			);
			runOnlyForDeploymentPostprocessing = 0;
			shellPath = /bin/sh;
			shellScript = "\"${PODS_ROOT}/Target Support Files/Pods-Dosirak/Pods-Dosirak-frameworks.sh\"\n";
			showEnvVarsInLog = 0;
		};
/* End PBXShellScriptBuildPhase section */

/* Begin PBXSourcesBuildPhase section */
		B515F4F72CC0FA4200AC64E9 /* Sources */ = {
			isa = PBXSourcesBuildPhase;
			buildActionMask = 2147483647;
			files = (
				B5E87F4C2CF3818E002A75F9 /* DisposableModel.mlmodel in Sources */,
			);
			runOnlyForDeploymentPostprocessing = 0;
		};
/* End PBXSourcesBuildPhase section */

/* Begin XCBuildConfiguration section */
		B515F5282CC0FA4300AC64E9 /* Debug */ = {
			isa = XCBuildConfiguration;
			baseConfigurationReference = FD7DB0371EDD1D8DB4570150 /* Pods-Dosirak.debug.xcconfig */;
			buildSettings = {
				ASSETCATALOG_COMPILER_APPICON_NAME = AppIcon;
				ASSETCATALOG_COMPILER_GLOBAL_ACCENT_COLOR_NAME = AccentColor;
				ASSETCATALOG_COMPILER_INCLUDE_ALL_APPICON_ASSETS = YES;
				CODE_SIGN_STYLE = Automatic;
				CURRENT_PROJECT_VERSION = 1;
				DEVELOPMENT_TEAM = AU24ZRJ649;
				GENERATE_INFOPLIST_FILE = YES;
				INFOPLIST_FILE = Dosirak/Info.plist;
				INFOPLIST_KEY_NSLocationAlwaysAndWhenInUseUsageDescription = "항상 위치 접근이 필요합니다.";
				INFOPLIST_KEY_NSLocationWhenInUseUsageDescription = "앱 사용 중 위치 접근이 필요합니다.";
				INFOPLIST_KEY_NSPhotoLibraryUsageDescription = "앨범 접근 권한을 요청합니다";
				INFOPLIST_KEY_UIApplicationSupportsIndirectInputEvents = YES;
				INFOPLIST_KEY_UILaunchStoryboardName = LaunchScreen;
				INFOPLIST_KEY_UIRequiresFullScreen = YES;
				INFOPLIST_KEY_UIStatusBarStyle = UIStatusBarStyleLightContent;
				INFOPLIST_KEY_UISupportedInterfaceOrientations_iPad = "UIInterfaceOrientationPortrait UIInterfaceOrientationPortraitUpsideDown UIInterfaceOrientationLandscapeLeft UIInterfaceOrientationLandscapeRight";
				INFOPLIST_KEY_UISupportedInterfaceOrientations_iPhone = "UIInterfaceOrientationPortrait UIInterfaceOrientationLandscapeLeft UIInterfaceOrientationLandscapeRight";
				INFOPLIST_KEY_UIUserInterfaceStyle = Light;
				IPHONEOS_DEPLOYMENT_TARGET = 17.0;
				LD_RUNPATH_SEARCH_PATHS = (
					"$(inherited)",
					"@executable_path/Frameworks",
				);
				MARKETING_VERSION = 1.0;
				OTHER_LDFLAGS = "";
				"OTHER_LDFLAGS[arch=*]" = (
					"-Xlinker",
					"-interposable",
				);
				PRODUCT_BUNDLE_IDENTIFIER = com.gpu.dosirak;
				PRODUCT_NAME = "$(TARGET_NAME)";
				SWIFT_EMIT_LOC_STRINGS = YES;
				SWIFT_VERSION = 5.0;
				TARGETED_DEVICE_FAMILY = "1,2";
			};
			name = Debug;
		};
		B515F5292CC0FA4300AC64E9 /* Release */ = {
			isa = XCBuildConfiguration;
			baseConfigurationReference = 91004DBA4A329B691B887093 /* Pods-Dosirak.release.xcconfig */;
			buildSettings = {
				ASSETCATALOG_COMPILER_APPICON_NAME = AppIcon;
				ASSETCATALOG_COMPILER_GLOBAL_ACCENT_COLOR_NAME = AccentColor;
				ASSETCATALOG_COMPILER_INCLUDE_ALL_APPICON_ASSETS = YES;
				CODE_SIGN_STYLE = Automatic;
				CURRENT_PROJECT_VERSION = 1;
				DEVELOPMENT_TEAM = AU24ZRJ649;
				GENERATE_INFOPLIST_FILE = YES;
				INFOPLIST_FILE = Dosirak/Info.plist;
				INFOPLIST_KEY_NSLocationAlwaysAndWhenInUseUsageDescription = "항상 위치 접근이 필요합니다.";
				INFOPLIST_KEY_NSLocationWhenInUseUsageDescription = "앱 사용 중 위치 접근이 필요합니다.";
				INFOPLIST_KEY_NSPhotoLibraryUsageDescription = "앨범 접근 권한을 요청합니다";
				INFOPLIST_KEY_UIApplicationSupportsIndirectInputEvents = YES;
				INFOPLIST_KEY_UILaunchStoryboardName = LaunchScreen;
				INFOPLIST_KEY_UIRequiresFullScreen = YES;
				INFOPLIST_KEY_UIStatusBarStyle = UIStatusBarStyleLightContent;
				INFOPLIST_KEY_UISupportedInterfaceOrientations_iPad = "UIInterfaceOrientationPortrait UIInterfaceOrientationPortraitUpsideDown UIInterfaceOrientationLandscapeLeft UIInterfaceOrientationLandscapeRight";
				INFOPLIST_KEY_UISupportedInterfaceOrientations_iPhone = "UIInterfaceOrientationPortrait UIInterfaceOrientationLandscapeLeft UIInterfaceOrientationLandscapeRight";
				INFOPLIST_KEY_UIUserInterfaceStyle = Light;
				IPHONEOS_DEPLOYMENT_TARGET = 17.0;
				LD_RUNPATH_SEARCH_PATHS = (
					"$(inherited)",
					"@executable_path/Frameworks",
				);
				MARKETING_VERSION = 1.0;
				OTHER_LDFLAGS = "";
				PRODUCT_BUNDLE_IDENTIFIER = com.gpu.dosirak;
				PRODUCT_NAME = "$(TARGET_NAME)";
				SWIFT_EMIT_LOC_STRINGS = YES;
				SWIFT_VERSION = 5.0;
				TARGETED_DEVICE_FAMILY = "1,2";
			};
			name = Release;
		};
		B515F52A2CC0FA4300AC64E9 /* Debug */ = {
			isa = XCBuildConfiguration;
			buildSettings = {
				ALWAYS_SEARCH_USER_PATHS = NO;
				ASSETCATALOG_COMPILER_GENERATE_SWIFT_ASSET_SYMBOL_EXTENSIONS = YES;
				CLANG_ANALYZER_NONNULL = YES;
				CLANG_ANALYZER_NUMBER_OBJECT_CONVERSION = YES_AGGRESSIVE;
				CLANG_CXX_LANGUAGE_STANDARD = "gnu++20";
				CLANG_ENABLE_MODULES = YES;
				CLANG_ENABLE_OBJC_ARC = YES;
				CLANG_ENABLE_OBJC_WEAK = YES;
				CLANG_WARN_BLOCK_CAPTURE_AUTORELEASING = YES;
				CLANG_WARN_BOOL_CONVERSION = YES;
				CLANG_WARN_COMMA = YES;
				CLANG_WARN_CONSTANT_CONVERSION = YES;
				CLANG_WARN_DEPRECATED_OBJC_IMPLEMENTATIONS = YES;
				CLANG_WARN_DIRECT_OBJC_ISA_USAGE = YES_ERROR;
				CLANG_WARN_DOCUMENTATION_COMMENTS = YES;
				CLANG_WARN_EMPTY_BODY = YES;
				CLANG_WARN_ENUM_CONVERSION = YES;
				CLANG_WARN_INFINITE_RECURSION = YES;
				CLANG_WARN_INT_CONVERSION = YES;
				CLANG_WARN_NON_LITERAL_NULL_CONVERSION = YES;
				CLANG_WARN_OBJC_IMPLICIT_RETAIN_SELF = YES;
				CLANG_WARN_OBJC_LITERAL_CONVERSION = YES;
				CLANG_WARN_OBJC_ROOT_CLASS = YES_ERROR;
				CLANG_WARN_QUOTED_INCLUDE_IN_FRAMEWORK_HEADER = YES;
				CLANG_WARN_RANGE_LOOP_ANALYSIS = YES;
				CLANG_WARN_STRICT_PROTOTYPES = YES;
				CLANG_WARN_SUSPICIOUS_MOVE = YES;
				CLANG_WARN_UNGUARDED_AVAILABILITY = YES_AGGRESSIVE;
				CLANG_WARN_UNREACHABLE_CODE = YES;
				CLANG_WARN__DUPLICATE_METHOD_MATCH = YES;
				COPY_PHASE_STRIP = NO;
				DEBUG_INFORMATION_FORMAT = dwarf;
				ENABLE_STRICT_OBJC_MSGSEND = YES;
				ENABLE_TESTABILITY = YES;
				ENABLE_USER_SCRIPT_SANDBOXING = NO;
				GCC_C_LANGUAGE_STANDARD = gnu17;
				GCC_DYNAMIC_NO_PIC = NO;
				GCC_NO_COMMON_BLOCKS = YES;
				GCC_OPTIMIZATION_LEVEL = 0;
				GCC_PREPROCESSOR_DEFINITIONS = (
					"DEBUG=1",
					"$(inherited)",
				);
				GCC_WARN_64_TO_32_BIT_CONVERSION = YES;
				GCC_WARN_ABOUT_RETURN_TYPE = YES_ERROR;
				GCC_WARN_UNDECLARED_SELECTOR = YES;
				GCC_WARN_UNINITIALIZED_AUTOS = YES_AGGRESSIVE;
				GCC_WARN_UNUSED_FUNCTION = YES;
				GCC_WARN_UNUSED_VARIABLE = YES;
				IPHONEOS_DEPLOYMENT_TARGET = 18.0;
				LOCALIZATION_PREFERS_STRING_CATALOGS = YES;
				MTL_ENABLE_DEBUG_INFO = INCLUDE_SOURCE;
				MTL_FAST_MATH = YES;
				ONLY_ACTIVE_ARCH = YES;
				SDKROOT = iphoneos;
				SWIFT_ACTIVE_COMPILATION_CONDITIONS = "DEBUG $(inherited)";
				SWIFT_OPTIMIZATION_LEVEL = "-Onone";
			};
			name = Debug;
		};
		B515F52B2CC0FA4300AC64E9 /* Release */ = {
			isa = XCBuildConfiguration;
			buildSettings = {
				ALWAYS_SEARCH_USER_PATHS = NO;
				ASSETCATALOG_COMPILER_GENERATE_SWIFT_ASSET_SYMBOL_EXTENSIONS = YES;
				CLANG_ANALYZER_NONNULL = YES;
				CLANG_ANALYZER_NUMBER_OBJECT_CONVERSION = YES_AGGRESSIVE;
				CLANG_CXX_LANGUAGE_STANDARD = "gnu++20";
				CLANG_ENABLE_MODULES = YES;
				CLANG_ENABLE_OBJC_ARC = YES;
				CLANG_ENABLE_OBJC_WEAK = YES;
				CLANG_WARN_BLOCK_CAPTURE_AUTORELEASING = YES;
				CLANG_WARN_BOOL_CONVERSION = YES;
				CLANG_WARN_COMMA = YES;
				CLANG_WARN_CONSTANT_CONVERSION = YES;
				CLANG_WARN_DEPRECATED_OBJC_IMPLEMENTATIONS = YES;
				CLANG_WARN_DIRECT_OBJC_ISA_USAGE = YES_ERROR;
				CLANG_WARN_DOCUMENTATION_COMMENTS = YES;
				CLANG_WARN_EMPTY_BODY = YES;
				CLANG_WARN_ENUM_CONVERSION = YES;
				CLANG_WARN_INFINITE_RECURSION = YES;
				CLANG_WARN_INT_CONVERSION = YES;
				CLANG_WARN_NON_LITERAL_NULL_CONVERSION = YES;
				CLANG_WARN_OBJC_IMPLICIT_RETAIN_SELF = YES;
				CLANG_WARN_OBJC_LITERAL_CONVERSION = YES;
				CLANG_WARN_OBJC_ROOT_CLASS = YES_ERROR;
				CLANG_WARN_QUOTED_INCLUDE_IN_FRAMEWORK_HEADER = YES;
				CLANG_WARN_RANGE_LOOP_ANALYSIS = YES;
				CLANG_WARN_STRICT_PROTOTYPES = YES;
				CLANG_WARN_SUSPICIOUS_MOVE = YES;
				CLANG_WARN_UNGUARDED_AVAILABILITY = YES_AGGRESSIVE;
				CLANG_WARN_UNREACHABLE_CODE = YES;
				CLANG_WARN__DUPLICATE_METHOD_MATCH = YES;
				COPY_PHASE_STRIP = NO;
				DEBUG_INFORMATION_FORMAT = "dwarf-with-dsym";
				ENABLE_NS_ASSERTIONS = NO;
				ENABLE_STRICT_OBJC_MSGSEND = YES;
				ENABLE_USER_SCRIPT_SANDBOXING = NO;
				GCC_C_LANGUAGE_STANDARD = gnu17;
				GCC_NO_COMMON_BLOCKS = YES;
				GCC_WARN_64_TO_32_BIT_CONVERSION = YES;
				GCC_WARN_ABOUT_RETURN_TYPE = YES_ERROR;
				GCC_WARN_UNDECLARED_SELECTOR = YES;
				GCC_WARN_UNINITIALIZED_AUTOS = YES_AGGRESSIVE;
				GCC_WARN_UNUSED_FUNCTION = YES;
				GCC_WARN_UNUSED_VARIABLE = YES;
				IPHONEOS_DEPLOYMENT_TARGET = 18.0;
				LOCALIZATION_PREFERS_STRING_CATALOGS = YES;
				MTL_ENABLE_DEBUG_INFO = NO;
				MTL_FAST_MATH = YES;
				SDKROOT = iphoneos;
				SWIFT_COMPILATION_MODE = wholemodule;
				VALIDATE_PRODUCT = YES;
			};
			name = Release;
		};
/* End XCBuildConfiguration section */

/* Begin XCConfigurationList section */
		B515F4F62CC0FA4200AC64E9 /* Build configuration list for PBXProject "Dosirak" */ = {
			isa = XCConfigurationList;
			buildConfigurations = (
				B515F52A2CC0FA4300AC64E9 /* Debug */,
				B515F52B2CC0FA4300AC64E9 /* Release */,
			);
			defaultConfigurationIsVisible = 0;
			defaultConfigurationName = Release;
		};
		B515F5272CC0FA4300AC64E9 /* Build configuration list for PBXNativeTarget "Dosirak" */ = {
			isa = XCConfigurationList;
			buildConfigurations = (
				B515F5282CC0FA4300AC64E9 /* Debug */,
				B515F5292CC0FA4300AC64E9 /* Release */,
			);
			defaultConfigurationIsVisible = 0;
			defaultConfigurationName = Release;
		};
/* End XCConfigurationList section */

/* Begin XCRemoteSwiftPackageReference section */
		B50D983B2CE8DD0C008BD4E7 /* XCRemoteSwiftPackageReference "KeychainAccess" */ = {
			isa = XCRemoteSwiftPackageReference;
			repositoryURL = "https://github.com/kishikawakatsumi/KeychainAccess";
			requirement = {
				branch = master;
				kind = branch;
			};
		};
		B50D984A2CEABDA4008BD4E7 /* XCRemoteSwiftPackageReference "RxKeyboard" */ = {
			isa = XCRemoteSwiftPackageReference;
			repositoryURL = "https://github.com/RxSwiftCommunity/RxKeyboard";
			requirement = {
				kind = upToNextMajorVersion;
				minimumVersion = 2.0.1;
			};
		};
		B5212EA02CCA5A04004A8EA2 /* XCRemoteSwiftPackageReference "kakao-ios-sdk-rx" */ = {
			isa = XCRemoteSwiftPackageReference;
			repositoryURL = "https://github.com/kakao/kakao-ios-sdk-rx";
			requirement = {
				kind = upToNextMajorVersion;
				minimumVersion = 2.23.0;
			};
		};
		B5212EB12CCD221C004A8EA2 /* XCRemoteSwiftPackageReference "Inject" */ = {
			isa = XCRemoteSwiftPackageReference;
			repositoryURL = "https://github.com/krzysztofzablocki/Inject";
			requirement = {
				kind = upToNextMajorVersion;
				minimumVersion = 1.5.2;
			};
		};
		B52F77EE2CCE1939008FBC91 /* XCRemoteSwiftPackageReference "RxDataSources" */ = {
			isa = XCRemoteSwiftPackageReference;
			repositoryURL = "https://github.com/RxSwiftCommunity/RxDataSources";
			requirement = {
				kind = upToNextMajorVersion;
				minimumVersion = 5.0.2;
			};
		};
		B52F78922CD0AED5008FBC91 /* XCRemoteSwiftPackageReference "Swinject" */ = {
			isa = XCRemoteSwiftPackageReference;
			repositoryURL = "https://github.com/Swinject/Swinject";
			requirement = {
				kind = upToNextMajorVersion;
				minimumVersion = 2.9.1;
			};
		};
		B52F78D82CD3A3AD008FBC91 /* XCRemoteSwiftPackageReference "RxGesture" */ = {
			isa = XCRemoteSwiftPackageReference;
			repositoryURL = "https://github.com/RxSwiftCommunity/RxGesture";
			requirement = {
				kind = upToNextMajorVersion;
				minimumVersion = 4.0.4;
			};
		};
		B541AE022CC12B0D00271910 /* XCRemoteSwiftPackageReference "SnapKit" */ = {
			isa = XCRemoteSwiftPackageReference;
			repositoryURL = "https://github.com/SnapKit/SnapKit";
			requirement = {
				kind = upToNextMajorVersion;
				minimumVersion = 5.7.1;
			};
		};
		B541AE102CC12B4100271910 /* XCRemoteSwiftPackageReference "KakaoMapsSDK-SPM" */ = {
			isa = XCRemoteSwiftPackageReference;
			repositoryURL = "https://github.com/kakao-mapsSDK/KakaoMapsSDK-SPM.git";
			requirement = {
				kind = upToNextMajorVersion;
				minimumVersion = 2.12.0;
			};
		};
		B541AE132CC12B6200271910 /* XCRemoteSwiftPackageReference "FSCalendar" */ = {
			isa = XCRemoteSwiftPackageReference;
			repositoryURL = "https://github.com/WenchaoD/FSCalendar";
			requirement = {
				kind = upToNextMajorVersion;
				minimumVersion = 2.8.4;
			};
		};
		B541AE3C2CC12F7B00271910 /* XCRemoteSwiftPackageReference "RxSwift" */ = {
			isa = XCRemoteSwiftPackageReference;
			repositoryURL = "https://github.com/ReactiveX/RxSwift";
			requirement = {
				kind = upToNextMajorVersion;
				minimumVersion = 6.8.0;
			};
		};
		B541AE472CC1307400271910 /* XCRemoteSwiftPackageReference "ReactorKit" */ = {
			isa = XCRemoteSwiftPackageReference;
			repositoryURL = "https://github.com/ReactorKit/ReactorKit";
			requirement = {
				kind = upToNextMajorVersion;
				minimumVersion = 3.2.0;
			};
		};
		B541AE752CC1694F00271910 /* XCRemoteSwiftPackageReference "socket" */ = {
			isa = XCRemoteSwiftPackageReference;
			repositoryURL = "https://github.com/socketio/socket.io-client-swift";
			requirement = {
				branch = master;
				kind = branch;
			};
		};
		B541AF022CC51A2700271910 /* XCRemoteSwiftPackageReference "Moya" */ = {
			isa = XCRemoteSwiftPackageReference;
			repositoryURL = "https://github.com/Moya/Moya";
			requirement = {
				kind = upToNextMajorVersion;
				minimumVersion = 15.0.3;
			};
		};
		B541AF092CC53C7800271910 /* XCRemoteSwiftPackageReference "naveridlogin-sdk-ios" */ = {
			isa = XCRemoteSwiftPackageReference;
			repositoryURL = "https://github.com/naver/naveridlogin-sdk-ios";
			requirement = {
				branch = master;
				kind = branch;
			};
		};
		B57718452CDC9302004DB4B0 /* XCRemoteSwiftPackageReference "Starscream" */ = {
			isa = XCRemoteSwiftPackageReference;
			repositoryURL = "https://github.com/daltoniam/Starscream.git";
			requirement = {
				kind = upToNextMajorVersion;
				minimumVersion = 4.0.8;
			};
		};
		B594EF022CD8491200484191 /* XCRemoteSwiftPackageReference "PanModal" */ = {
			isa = XCRemoteSwiftPackageReference;
			repositoryURL = "https://github.com/slackhq/PanModal";
			requirement = {
				kind = upToNextMajorVersion;
				minimumVersion = 1.2.7;
			};
		};
		B5B9B3FE2CD52DB10081A0DA /* XCRemoteSwiftPackageReference "Kingfisher" */ = {
			isa = XCRemoteSwiftPackageReference;
			repositoryURL = "https://github.com/onevcat/Kingfisher";
			requirement = {
				kind = upToNextMajorVersion;
				minimumVersion = 8.1.0;
			};
		};
		B5FF13C02CD4BBC7008A48DB /* XCRemoteSwiftPackageReference "SPM-NMapsMap" */ = {
			isa = XCRemoteSwiftPackageReference;
			repositoryURL = "https://github.com/navermaps/SPM-NMapsMap";
			requirement = {
				kind = upToNextMajorVersion;
				minimumVersion = 3.19.0;
			};
		};
/* End XCRemoteSwiftPackageReference section */

/* Begin XCSwiftPackageProductDependency section */
		B50D983C2CE8DD0C008BD4E7 /* KeychainAccess */ = {
			isa = XCSwiftPackageProductDependency;
			package = B50D983B2CE8DD0C008BD4E7 /* XCRemoteSwiftPackageReference "KeychainAccess" */;
			productName = KeychainAccess;
		};
		B50D984B2CEABDA4008BD4E7 /* RxKeyboard */ = {
			isa = XCSwiftPackageProductDependency;
			package = B50D984A2CEABDA4008BD4E7 /* XCRemoteSwiftPackageReference "RxKeyboard" */;
			productName = RxKeyboard;
		};
		B5212EA12CCA5A04004A8EA2 /* RxKakaoSDK */ = {
			isa = XCSwiftPackageProductDependency;
			package = B5212EA02CCA5A04004A8EA2 /* XCRemoteSwiftPackageReference "kakao-ios-sdk-rx" */;
			productName = RxKakaoSDK;
		};
		B5212EA32CCA5A04004A8EA2 /* RxKakaoSDKAuth */ = {
			isa = XCSwiftPackageProductDependency;
			package = B5212EA02CCA5A04004A8EA2 /* XCRemoteSwiftPackageReference "kakao-ios-sdk-rx" */;
			productName = RxKakaoSDKAuth;
		};
		B5212EA52CCA5A04004A8EA2 /* RxKakaoSDKCert */ = {
			isa = XCSwiftPackageProductDependency;
			package = B5212EA02CCA5A04004A8EA2 /* XCRemoteSwiftPackageReference "kakao-ios-sdk-rx" */;
			productName = RxKakaoSDKCert;
		};
		B5212EA72CCA5A04004A8EA2 /* RxKakaoSDKCommon */ = {
			isa = XCSwiftPackageProductDependency;
			package = B5212EA02CCA5A04004A8EA2 /* XCRemoteSwiftPackageReference "kakao-ios-sdk-rx" */;
			productName = RxKakaoSDKCommon;
		};
		B5212EA92CCA5A04004A8EA2 /* RxKakaoSDKShare */ = {
			isa = XCSwiftPackageProductDependency;
			package = B5212EA02CCA5A04004A8EA2 /* XCRemoteSwiftPackageReference "kakao-ios-sdk-rx" */;
			productName = RxKakaoSDKShare;
		};
		B5212EAB2CCA5A04004A8EA2 /* RxKakaoSDKTalk */ = {
			isa = XCSwiftPackageProductDependency;
			package = B5212EA02CCA5A04004A8EA2 /* XCRemoteSwiftPackageReference "kakao-ios-sdk-rx" */;
			productName = RxKakaoSDKTalk;
		};
		B5212EAD2CCA5A04004A8EA2 /* RxKakaoSDKUser */ = {
			isa = XCSwiftPackageProductDependency;
			package = B5212EA02CCA5A04004A8EA2 /* XCRemoteSwiftPackageReference "kakao-ios-sdk-rx" */;
			productName = RxKakaoSDKUser;
		};
		B5212EB22CCD221C004A8EA2 /* Inject */ = {
			isa = XCSwiftPackageProductDependency;
			package = B5212EB12CCD221C004A8EA2 /* XCRemoteSwiftPackageReference "Inject" */;
			productName = Inject;
		};
		B52F77EF2CCE1939008FBC91 /* Differentiator */ = {
			isa = XCSwiftPackageProductDependency;
			package = B52F77EE2CCE1939008FBC91 /* XCRemoteSwiftPackageReference "RxDataSources" */;
			productName = Differentiator;
		};
		B52F77F12CCE1939008FBC91 /* RxDataSources */ = {
			isa = XCSwiftPackageProductDependency;
			package = B52F77EE2CCE1939008FBC91 /* XCRemoteSwiftPackageReference "RxDataSources" */;
			productName = RxDataSources;
		};
		B52F78932CD0AED5008FBC91 /* Swinject */ = {
			isa = XCSwiftPackageProductDependency;
			package = B52F78922CD0AED5008FBC91 /* XCRemoteSwiftPackageReference "Swinject" */;
			productName = Swinject;
		};
		B52F78D92CD3A3AD008FBC91 /* RxGesture */ = {
			isa = XCSwiftPackageProductDependency;
			package = B52F78D82CD3A3AD008FBC91 /* XCRemoteSwiftPackageReference "RxGesture" */;
			productName = RxGesture;
		};
		B541AE032CC12B0D00271910 /* SnapKit */ = {
			isa = XCSwiftPackageProductDependency;
			package = B541AE022CC12B0D00271910 /* XCRemoteSwiftPackageReference "SnapKit" */;
			productName = SnapKit;
		};
		B541AE112CC12B4100271910 /* KakaoMapsSDK-SPM */ = {
			isa = XCSwiftPackageProductDependency;
			package = B541AE102CC12B4100271910 /* XCRemoteSwiftPackageReference "KakaoMapsSDK-SPM" */;
			productName = "KakaoMapsSDK-SPM";
		};
		B541AE142CC12B6200271910 /* FSCalendar */ = {
			isa = XCSwiftPackageProductDependency;
			package = B541AE132CC12B6200271910 /* XCRemoteSwiftPackageReference "FSCalendar" */;
			productName = FSCalendar;
		};
		B541AE3D2CC12F7B00271910 /* RxBlocking */ = {
			isa = XCSwiftPackageProductDependency;
			package = B541AE3C2CC12F7B00271910 /* XCRemoteSwiftPackageReference "RxSwift" */;
			productName = RxBlocking;
		};
		B541AE3F2CC12F7B00271910 /* RxCocoa */ = {
			isa = XCSwiftPackageProductDependency;
			package = B541AE3C2CC12F7B00271910 /* XCRemoteSwiftPackageReference "RxSwift" */;
			productName = RxCocoa;
		};
		B541AE412CC12F7B00271910 /* RxRelay */ = {
			isa = XCSwiftPackageProductDependency;
			package = B541AE3C2CC12F7B00271910 /* XCRemoteSwiftPackageReference "RxSwift" */;
			productName = RxRelay;
		};
		B541AE432CC12F7B00271910 /* RxSwift */ = {
			isa = XCSwiftPackageProductDependency;
			package = B541AE3C2CC12F7B00271910 /* XCRemoteSwiftPackageReference "RxSwift" */;
			productName = RxSwift;
		};
		B541AE482CC1307400271910 /* ReactorKit */ = {
			isa = XCSwiftPackageProductDependency;
			package = B541AE472CC1307400271910 /* XCRemoteSwiftPackageReference "ReactorKit" */;
			productName = ReactorKit;
		};
		B541AE762CC1694F00271910 /* SocketIO */ = {
			isa = XCSwiftPackageProductDependency;
			package = B541AE752CC1694F00271910 /* XCRemoteSwiftPackageReference "socket" */;
			productName = SocketIO;
		};
		B541AF032CC51A2700271910 /* Moya */ = {
			isa = XCSwiftPackageProductDependency;
			package = B541AF022CC51A2700271910 /* XCRemoteSwiftPackageReference "Moya" */;
			productName = Moya;
		};
		B541AF052CC51A2700271910 /* ReactiveMoya */ = {
			isa = XCSwiftPackageProductDependency;
			package = B541AF022CC51A2700271910 /* XCRemoteSwiftPackageReference "Moya" */;
			productName = ReactiveMoya;
		};
		B541AF072CC51A2700271910 /* RxMoya */ = {
			isa = XCSwiftPackageProductDependency;
			package = B541AF022CC51A2700271910 /* XCRemoteSwiftPackageReference "Moya" */;
			productName = RxMoya;
		};
		B541AF0A2CC53C7800271910 /* NaverThirdPartyLogin */ = {
			isa = XCSwiftPackageProductDependency;
			package = B541AF092CC53C7800271910 /* XCRemoteSwiftPackageReference "naveridlogin-sdk-ios" */;
			productName = NaverThirdPartyLogin;
		};
		B57718462CDC9302004DB4B0 /* Starscream */ = {
			isa = XCSwiftPackageProductDependency;
			package = B57718452CDC9302004DB4B0 /* XCRemoteSwiftPackageReference "Starscream" */;
			productName = Starscream;
		};
		B594EF032CD8491200484191 /* PanModal */ = {
			isa = XCSwiftPackageProductDependency;
			package = B594EF022CD8491200484191 /* XCRemoteSwiftPackageReference "PanModal" */;
			productName = PanModal;
		};
		B5B9B3FF2CD52DB10081A0DA /* Kingfisher */ = {
			isa = XCSwiftPackageProductDependency;
			package = B5B9B3FE2CD52DB10081A0DA /* XCRemoteSwiftPackageReference "Kingfisher" */;
			productName = Kingfisher;
		};
		B5FF13C12CD4BBC7008A48DB /* NMapsMap */ = {
			isa = XCSwiftPackageProductDependency;
			package = B5FF13C02CD4BBC7008A48DB /* XCRemoteSwiftPackageReference "SPM-NMapsMap" */;
			productName = NMapsMap;
		};
/* End XCSwiftPackageProductDependency section */
	};
	rootObject = B515F4F32CC0FA4200AC64E9 /* Project object */;
}
